
Microsoft Visual Studio Solution File, Format Version 12.00
# Visual Studio Version 16
VisualStudioVersion = 16.0.32106.194
MinimumVisualStudioVersion = 10.0.40219.1
Project("{8BC9CEB8-8B4A-11D0-8D11-00A0C91BC942}") = "FilelessShellcode", "FilelessShellcode.vcxproj", "{1617117C-0E94-4E6A-922C-836D616EC1F5}"
EndProject
Global
	GlobalSection(SolutionConfigurationPlatforms) = preSolution
		Debug|x64 = Debug|x64
		Debug|x86 = Debug|x86
		Release|x64 = Release|x64
		Release|x86 = Release|x86
	EndGlobalSection
	GlobalSection(ProjectConfigurationPlatforms) = postSolution
		{1617117C-0E94-4E6A-922C-836D616EC1F5}.Debug|x64.ActiveCfg = Debug|x64
		{1617117C-0E94-4E6A-922C-836D616EC1F5}.Debug|x64.Build.0 = Debug|x64
		{1617117C-0E94-4E6A-922C-836D616EC1F5}.Debug|x86.ActiveCfg = Debug|Win32
		{1617117C-0E94-4E6A-922C-836D616EC1F5}.Debug|x86.Build.0 = Debug|Win32
		{1617117C-0E94-4E6A-922C-836D616EC1F5}.Release|x64.ActiveCfg = Release|x64
		{1617117C-0E94-4E6A-922C-836D616EC1F5}.Release|x64.Build.0 = Release|x64
		{1617117C-0E94-4E6A-922C-836D616EC1F5}.Release|x86.ActiveCfg = Release|Win32
		{1617117C-0E94-4E6A-922C-836D616EC1F5}.Release|x86.Build.0 = Release|Win32
	EndGlobalSection
	GlobalSection(SolutionProperties) = preSolution
		HideSolutionNode = FALSE
	EndGlobalSection
	GlobalSection(ExtensibilityGlobals) = postSolution
		SolutionGuid = {E2D488A1-2E05-475F-8395-35C38DE2532C}
	EndGlobalSection
EndGlobal
